
Microsoft Visual Studio Solution File, Format Version 12.00
# Visual Studio Version 17
VisualStudioVersion = 17.8.0
MinimumVisualStudioVersion = 10.0.40219.1
Project("{FAE04EC0-301F-11D3-BF4B-00C04F79EFBC}") = "HomeBred-LLM", "HomeBred-LLM\HomeBred-LLM.csproj", "{A1B2C3D4-E5F6-7890-ABCD-EF1234567890}"
EndProject
Project("{FAE04EC0-301F-11D3-BF4B-00C04F79EFBC}") = "UiSmokeTests", "UiSmokeTests\UiSmokeTests.csproj", "{EE21987A-5CF3-48F1-9062-D80C5F9989DD}"
EndProject
Project("{FAE04EC0-301F-11D3-BF4B-00C04F79EFBC}") = "TieringVerificationTests", "TieringVerificationTests\TieringVerificationTests.csproj", "{0D3930B9-9CA8-4942-86C5-9CD2C8729AFF}"
EndProject
Project("{FAE04EC0-301F-11D3-BF4B-00C04F79EFBC}") = "GgufVerificationTests", "GgufVerificationTests\GgufVerificationTests.csproj", "{DA4A13E1-1F7B-4BA0-9EE3-4945E2DFD390}"
EndProject
Global
	GlobalSection(SolutionConfigurationPlatforms) = preSolution
		Debug|x64 = Debug|x64
		Debug|Any CPU = Debug|Any CPU
		Debug|x86 = Debug|x86
		Release|x64 = Release|x64
		Release|Any CPU = Release|Any CPU
		Release|x86 = Release|x86
	EndGlobalSection
	GlobalSection(ProjectConfigurationPlatforms) = postSolution
		{A1B2C3D4-E5F6-7890-ABCD-EF1234567890}.Debug|x64.ActiveCfg = Debug|x64
		{A1B2C3D4-E5F6-7890-ABCD-EF1234567890}.Debug|x64.Build.0 = Debug|x64
		{A1B2C3D4-E5F6-7890-ABCD-EF1234567890}.Debug|Any CPU.ActiveCfg = Debug|Any CPU
		{A1B2C3D4-E5F6-7890-ABCD-EF1234567890}.Debug|Any CPU.Build.0 = Debug|Any CPU
		{A1B2C3D4-E5F6-7890-ABCD-EF1234567890}.Debug|x86.ActiveCfg = Debug|Any CPU
		{A1B2C3D4-E5F6-7890-ABCD-EF1234567890}.Debug|x86.Build.0 = Debug|Any CPU
		{A1B2C3D4-E5F6-7890-ABCD-EF1234567890}.Release|x64.ActiveCfg = Release|x64
		{A1B2C3D4-E5F6-7890-ABCD-EF1234567890}.Release|x64.Build.0 = Release|x64
		{A1B2C3D4-E5F6-7890-ABCD-EF1234567890}.Release|Any CPU.ActiveCfg = Release|Any CPU
		{A1B2C3D4-E5F6-7890-ABCD-EF1234567890}.Release|Any CPU.Build.0 = Release|Any CPU
		{A1B2C3D4-E5F6-7890-ABCD-EF1234567890}.Release|x86.ActiveCfg = Release|Any CPU
		{A1B2C3D4-E5F6-7890-ABCD-EF1234567890}.Release|x86.Build.0 = Release|Any CPU
		{EE21987A-5CF3-48F1-9062-D80C5F9989DD}.Debug|x64.ActiveCfg = Debug|Any CPU
		{EE21987A-5CF3-48F1-9062-D80C5F9989DD}.Debug|x64.Build.0 = Debug|Any CPU
		{EE21987A-5CF3-48F1-9062-D80C5F9989DD}.Debug|Any CPU.ActiveCfg = Debug|Any CPU
		{EE21987A-5CF3-48F1-9062-D80C5F9989DD}.Debug|Any CPU.Build.0 = Debug|Any CPU
		{EE21987A-5CF3-48F1-9062-D80C5F9989DD}.Debug|x86.ActiveCfg = Debug|Any CPU
		{EE21987A-5CF3-48F1-9062-D80C5F9989DD}.Debug|x86.Build.0 = Debug|Any CPU
		{EE21987A-5CF3-48F1-9062-D80C5F9989DD}.Release|x64.ActiveCfg = Release|Any CPU
		{EE21987A-5CF3-48F1-9062-D80C5F9989DD}.Release|x64.Build.0 = Release|Any CPU
		{EE21987A-5CF3-48F1-9062-D80C5F9989DD}.Release|Any CPU.ActiveCfg = Release|Any CPU
		{EE21987A-5CF3-48F1-9062-D80C5F9989DD}.Release|Any CPU.Build.0 = Release|Any CPU
		{EE21987A-5CF3-48F1-9062-D80C5F9989DD}.Release|x86.ActiveCfg = Release|Any CPU
		{EE21987A-5CF3-48F1-9062-D80C5F9989DD}.Release|x86.Build.0 = Release|Any CPU
		{0D3930B9-9CA8-4942-86C5-9CD2C8729AFF}.Debug|x64.ActiveCfg = Debug|Any CPU
		{0D3930B9-9CA8-4942-86C5-9CD2C8729AFF}.Debug|x64.Build.0 = Debug|Any CPU
		{0D3930B9-9CA8-4942-86C5-9CD2C8729AFF}.Debug|Any CPU.ActiveCfg = Debug|Any CPU
		{0D3930B9-9CA8-4942-86C5-9CD2C8729AFF}.Debug|Any CPU.Build.0 = Debug|Any CPU
		{0D3930B9-9CA8-4942-86C5-9CD2C8729AFF}.Debug|x86.ActiveCfg = Debug|Any CPU
		{0D3930B9-9CA8-4942-86C5-9CD2C8729AFF}.Debug|x86.Build.0 = Debug|Any CPU
		{0D3930B9-9CA8-4942-86C5-9CD2C8729AFF}.Release|x64.ActiveCfg = Release|Any CPU
		{0D3930B9-9CA8-4942-86C5-9CD2C8729AFF}.Release|x64.Build.0 = Release|Any CPU
		{0D3930B9-9CA8-4942-86C5-9CD2C8729AFF}.Release|Any CPU.ActiveCfg = Release|Any CPU
		{0D3930B9-9CA8-4942-86C5-9CD2C8729AFF}.Release|Any CPU.Build.0 = Release|Any CPU
		{0D3930B9-9CA8-4942-86C5-9CD2C8729AFF}.Release|x86.ActiveCfg = Release|Any CPU
		{0D3930B9-9CA8-4942-86C5-9CD2C8729AFF}.Release|x86.Build.0 = Release|Any CPU
		{DA4A13E1-1F7B-4BA0-9EE3-4945E2DFD390}.Debug|x64.ActiveCfg = Debug|Any CPU
		{DA4A13E1-1F7B-4BA0-9EE3-4945E2DFD390}.Debug|x64.Build.0 = Debug|Any CPU
		{DA4A13E1-1F7B-4BA0-9EE3-4945E2DFD390}.Debug|Any CPU.ActiveCfg = Debug|Any CPU
		{DA4A13E1-1F7B-4BA0-9EE3-4945E2DFD390}.Debug|Any CPU.Build.0 = Debug|Any CPU
		{DA4A13E1-1F7B-4BA0-9EE3-4945E2DFD390}.Debug|x86.ActiveCfg = Debug|Any CPU
		{DA4A13E1-1F7B-4BA0-9EE3-4945E2DFD390}.Debug|x86.Build.0 = Debug|Any CPU
		{DA4A13E1-1F7B-4BA0-9EE3-4945E2DFD390}.Release|x64.ActiveCfg = Release|Any CPU
		{DA4A13E1-1F7B-4BA0-9EE3-4945E2DFD390}.Release|x64.Build.0 = Release|Any CPU
		{DA4A13E1-1F7B-4BA0-9EE3-4945E2DFD390}.Release|Any CPU.ActiveCfg = Release|Any CPU
		{DA4A13E1-1F7B-4BA0-9EE3-4945E2DFD390}.Release|Any CPU.Build.0 = Release|Any CPU
		{DA4A13E1-1F7B-4BA0-9EE3-4945E2DFD390}.Release|x86.ActiveCfg = Release|Any CPU
		{DA4A13E1-1F7B-4BA0-9EE3-4945E2DFD390}.Release|x86.Build.0 = Release|Any CPU
	EndGlobalSection
	GlobalSection(SolutionProperties) = preSolution
		HideSolutionNode = FALSE
	EndGlobalSection
EndGlobal
